Microsoft Visual Studio Solution File, Format Version 12.00
# Visual Studio Version 17
VisualStudioVersion = 17.5.2.0
MinimumVisualStudioVersion = 10.0.40219.1
Project("{FAE04EC0-301F-11D3-BF4B-00C04F79EFBC}") = "JobAgent.DataCollector", "JobAgent.DataCollector.csproj", "{52A289D2-469F-AC18-0795-53416FBB5117}"
EndProject
Global
	GlobalSection(SolutionConfigurationPlatforms) = preSolution
		Debug|Any CPU = Debug|Any CPU
		Release|Any CPU = Release|Any CPU
	EndGlobalSection
	GlobalSection(ProjectConfigurationPlatforms) = postSolution
		{52A289D2-469F-AC18-0795-53416FBB5117}.Debug|Any CPU.ActiveCfg = Debug|Any CPU
		{52A289D2-469F-AC18-0795-53416FBB5117}.Debug|Any CPU.Build.0 = Debug|Any CPU
		{52A289D2-469F-AC18-0795-53416FBB5117}.Release|Any CPU.ActiveCfg = Release|Any CPU
		{52A289D2-469F-AC18-0795-53416FBB5117}.Release|Any CPU.Build.0 = Release|Any CPU
	EndGlobalSection
	GlobalSection(SolutionProperties) = preSolution
		HideSolutionNode = FALSE
	EndGlobalSection
	GlobalSection(ExtensibilityGlobals) = postSolution
		SolutionGuid = {E2ED950B-B481-4230-BBC9-DD4AA8BCA174}
	EndGlobalSection
EndGlobal
